schema: '2.0'
stages:
  ingest:
    cmd: python src/ingestion.py
    deps:
    - path: data/pdfs/
      hash: md5
      md5: 47abf22ce5dc80adaf2043a6c23a5465.dir
      size: 1319951
      nfiles: 2
    - path: src/config.py
      hash: md5
      md5: 9d6a20adc31f57ae53332de10deaeab7
      size: 398
    - path: src/ingestion.py
      hash: md5
      md5: 81811261b426834dc5861a002122c822
      size: 1928
    outs:
    - path: data/chunks.json
      hash: md5
      md5: 4318fa522e19c303b7e8f332bd39617b
      size: 200422
    - path: metrics/ingest_metrics.json
      hash: md5
      md5: 02a86e5cc4376be6b933ad3414cd2cd3
      size: 161
  embed_index:
    cmd: python src/embeddings_store.py
    deps:
    - path: data/chunks.json
      hash: md5
      md5: 4318fa522e19c303b7e8f332bd39617b
      size: 200422
    - path: src/config.py
      hash: md5
      md5: 9d6a20adc31f57ae53332de10deaeab7
      size: 398
    - path: src/embeddings_store.py
      hash: md5
      md5: f89253ca81c3e5d3166c4e5a4eb310b0
      size: 2795
    outs:
    - path: data/chroma_db/
      hash: md5
      md5: 2f711a7c9a9773c8c402542b3ea5f73e.dir
      size: 2494628
      nfiles: 5
    - path: metrics/embed_metrics.json
      hash: md5
      md5: eae7f1458bd557d50aadd58643985fe0
      size: 53
